
Microsoft Visual Studio Solution File, Format Version 12.00
# Visual Studio Version 17
VisualStudioVersion = 17.5.33516.290
MinimumVisualStudioVersion = 10.0.40219.1
Project("{8BC9CEB8-8B4A-11D0-8D11-00A0C91BC942}") = "Chapter1_1", "Chapter1_1\Chapter1_1.vcxproj", "{37602216-E386-4718-96D9-A3FDCD2C75E5}"
EndProject
Project("{8BC9CEB8-8B4A-11D0-8D11-00A0C91BC942}") = "Chapter1_2", "Chapter1_2\Chapter1_2.vcxproj", "{CA4CBD5A-361C-41A0-8FBB-50B1AD25E30F}"
EndProject
Project("{8BC9CEB8-8B4A-11D0-8D11-00A0C91BC942}") = "Chapter1_3", "Chapter1_3\Chapter1_3.vcxproj", "{C116CC49-B6D9-44D4-BC02-DBBF78A6BF81}"
EndProject
Project("{8BC9CEB8-8B4A-11D0-8D11-00A0C91BC942}") = "Chapter1_4", "Chapter1_4\Chapter1_4.vcxproj", "{B5971328-1653-4094-8E98-575764C93484}"
EndProject
Project("{8BC9CEB8-8B4A-11D0-8D11-00A0C91BC942}") = "Chapter1_5", "Chapter1_5\Chapter1_5.vcxproj", "{EC3F9DDC-EE24-4448-9C85-EF345CAB7D5F}"
EndProject
Project("{8BC9CEB8-8B4A-11D0-8D11-00A0C91BC942}") = "Chapter1_6", "Chapter1_6\Chapter1_6.vcxproj", "{96738C77-0689-4257-86F7-5F5DB478A331}"
EndProject
Project("{8BC9CEB8-8B4A-11D0-8D11-00A0C91BC942}") = "Chapter1_7", "Chapter1_7\Chapter1_7.vcxproj", "{8088E3A8-533C-46E9-8A70-40658E8D2A18}"
EndProject
Project("{8BC9CEB8-8B4A-11D0-8D11-00A0C91BC942}") = "Chapter1_8", "Chapter1_8\Chapter1_8.vcxproj", "{B11B48ED-B10C-46A5-B685-4D9B97EDE6EF}"
EndProject
Project("{8BC9CEB8-8B4A-11D0-8D11-00A0C91BC942}") = "Chapter1_9", "Chapter1_9\Chapter1_9.vcxproj", "{2B3807F3-47AF-4C29-904B-5EC37D647FB0}"
EndProject
Project("{8BC9CEB8-8B4A-11D0-8D11-00A0C91BC942}") = "Chapter1_10", "Chapter1_10\Chapter1_10.vcxproj", "{0AF8237E-404F-4D77-B0E0-67AD30F7B93C}"
EndProject
Project("{8BC9CEB8-8B4A-11D0-8D11-00A0C91BC942}") = "Chapter1_11", "Chapter1_11\Chapter1_11.vcxproj", "{1308106D-6AE4-485B-AD74-9F8D9281F56D}"
EndProject
Project("{8BC9CEB8-8B4A-11D0-8D11-00A0C91BC942}") = "Chapter1_12", "Chapter1_12\Chapter1_12.vcxproj", "{39A1A0FE-4E70-4778-B921-0E3FE9E8397E}"
EndProject
Project("{8BC9CEB8-8B4A-11D0-8D11-00A0C91BC942}") = "Chapter1_13", "Chapter1_13\Chapter1_13.vcxproj", "{A926F887-DBC6-403B-858B-1F4FC2C83AA8}"
EndProject
Project("{8BC9CEB8-8B4A-11D0-8D11-00A0C91BC942}") = "Chapter1_14", "Chapter1_14\Chapter1_14.vcxproj", "{6B3AF05B-ECC5-489B-BD46-29EDD7745167}"
EndProject
Global
	GlobalSection(SolutionConfigurationPlatforms) = preSolution
		Debug|x64 = Debug|x64
		Debug|x86 = Debug|x86
		Release|x64 = Release|x64
		Release|x86 = Release|x86
	EndGlobalSection
	GlobalSection(ProjectConfigurationPlatforms) = postSolution
		{37602216-E386-4718-96D9-A3FDCD2C75E5}.Debug|x64.ActiveCfg = Debug|x64
		{37602216-E386-4718-96D9-A3FDCD2C75E5}.Debug|x64.Build.0 = Debug|x64
		{37602216-E386-4718-96D9-A3FDCD2C75E5}.Debug|x86.ActiveCfg = Debug|Win32
		{37602216-E386-4718-96D9-A3FDCD2C75E5}.Debug|x86.Build.0 = Debug|Win32
		{37602216-E386-4718-96D9-A3FDCD2C75E5}.Release|x64.ActiveCfg = Release|x64
		{37602216-E386-4718-96D9-A3FDCD2C75E5}.Release|x64.Build.0 = Release|x64
		{37602216-E386-4718-96D9-A3FDCD2C75E5}.Release|x86.ActiveCfg = Release|Win32
		{37602216-E386-4718-96D9-A3FDCD2C75E5}.Release|x86.Build.0 = Release|Win32
		{CA4CBD5A-361C-41A0-8FBB-50B1AD25E30F}.Debug|x64.ActiveCfg = Debug|x64
		{CA4CBD5A-361C-41A0-8FBB-50B1AD25E30F}.Debug|x64.Build.0 = Debug|x64
		{CA4CBD5A-361C-41A0-8FBB-50B1AD25E30F}.Debug|x86.ActiveCfg = Debug|Win32
		{CA4CBD5A-361C-41A0-8FBB-50B1AD25E30F}.Debug|x86.Build.0 = Debug|Win32
		{CA4CBD5A-361C-41A0-8FBB-50B1AD25E30F}.Release|x64.ActiveCfg = Release|x64
		{CA4CBD5A-361C-41A0-8FBB-50B1AD25E30F}.Release|x64.Build.0 = Release|x64
		{CA4CBD5A-361C-41A0-8FBB-50B1AD25E30F}.Release|x86.ActiveCfg = Release|Win32
		{CA4CBD5A-361C-41A0-8FBB-50B1AD25E30F}.Release|x86.Build.0 = Release|Win32
		{C116CC49-B6D9-44D4-BC02-DBBF78A6BF81}.Debug|x64.ActiveCfg = Debug|x64
		{C116CC49-B6D9-44D4-BC02-DBBF78A6BF81}.Debug|x64.Build.0 = Debug|x64
		{C116CC49-B6D9-44D4-BC02-DBBF78A6BF81}.Debug|x86.ActiveCfg = Debug|Win32
		{C116CC49-B6D9-44D4-BC02-DBBF78A6BF81}.Debug|x86.Build.0 = Debug|Win32
		{C116CC49-B6D9-44D4-BC02-DBBF78A6BF81}.Release|x64.ActiveCfg = Release|x64
		{C116CC49-B6D9-44D4-BC02-DBBF78A6BF81}.Release|x64.Build.0 = Release|x64
		{C116CC49-B6D9-44D4-BC02-DBBF78A6BF81}.Release|x86.ActiveCfg = Release|Win32
		{C116CC49-B6D9-44D4-BC02-DBBF78A6BF81}.Release|x86.Build.0 = Release|Win32
		{B5971328-1653-4094-8E98-575764C93484}.Debug|x64.ActiveCfg = Debug|x64
		{B5971328-1653-4094-8E98-575764C93484}.Debug|x64.Build.0 = Debug|x64
		{B5971328-1653-4094-8E98-575764C93484}.Debug|x86.ActiveCfg = Debug|Win32
		{B5971328-1653-4094-8E98-575764C93484}.Debug|x86.Build.0 = Debug|Win32
		{B5971328-1653-4094-8E98-575764C93484}.Release|x64.ActiveCfg = Release|x64
		{B5971328-1653-4094-8E98-575764C93484}.Release|x64.Build.0 = Release|x64
		{B5971328-1653-4094-8E98-575764C93484}.Release|x86.ActiveCfg = Release|Win32
		{B5971328-1653-4094-8E98-575764C93484}.Release|x86.Build.0 = Release|Win32
		{EC3F9DDC-EE24-4448-9C85-EF345CAB7D5F}.Debug|x64.ActiveCfg = Debug|x64
		{EC3F9DDC-EE24-4448-9C85-EF345CAB7D5F}.Debug|x64.Build.0 = Debug|x64
		{EC3F9DDC-EE24-4448-9C85-EF345CAB7D5F}.Debug|x86.ActiveCfg = Debug|Win32
		{EC3F9DDC-EE24-4448-9C85-EF345CAB7D5F}.Debug|x86.Build.0 = Debug|Win32
		{EC3F9DDC-EE24-4448-9C85-EF345CAB7D5F}.Release|x64.ActiveCfg = Release|x64
		{EC3F9DDC-EE24-4448-9C85-EF345CAB7D5F}.Release|x64.Build.0 = Release|x64
		{EC3F9DDC-EE24-4448-9C85-EF345CAB7D5F}.Release|x86.ActiveCfg = Release|Win32
		{EC3F9DDC-EE24-4448-9C85-EF345CAB7D5F}.Release|x86.Build.0 = Release|Win32
		{96738C77-0689-4257-86F7-5F5DB478A331}.Debug|x64.ActiveCfg = Debug|x64
		{96738C77-0689-4257-86F7-5F5DB478A331}.Debug|x64.Build.0 = Debug|x64
		{96738C77-0689-4257-86F7-5F5DB478A331}.Debug|x86.ActiveCfg = Debug|Win32
		{96738C77-0689-4257-86F7-5F5DB478A331}.Debug|x86.Build.0 = Debug|Win32
		{96738C77-0689-4257-86F7-5F5DB478A331}.Release|x64.ActiveCfg = Release|x64
		{96738C77-0689-4257-86F7-5F5DB478A331}.Release|x64.Build.0 = Release|x64
		{96738C77-0689-4257-86F7-5F5DB478A331}.Release|x86.ActiveCfg = Release|Win32
		{96738C77-0689-4257-86F7-5F5DB478A331}.Release|x86.Build.0 = Release|Win32
		{8088E3A8-533C-46E9-8A70-40658E8D2A18}.Debug|x64.ActiveCfg = Debug|x64
		{8088E3A8-533C-46E9-8A70-40658E8D2A18}.Debug|x64.Build.0 = Debug|x64
		{8088E3A8-533C-46E9-8A70-40658E8D2A18}.Debug|x86.ActiveCfg = Debug|Win32
		{8088E3A8-533C-46E9-8A70-40658E8D2A18}.Debug|x86.Build.0 = Debug|Win32
		{8088E3A8-533C-46E9-8A70-40658E8D2A18}.Release|x64.ActiveCfg = Release|x64
		{8088E3A8-533C-46E9-8A70-40658E8D2A18}.Release|x64.Build.0 = Release|x64
		{8088E3A8-533C-46E9-8A70-40658E8D2A18}.Release|x86.ActiveCfg = Release|Win32
		{8088E3A8-533C-46E9-8A70-40658E8D2A18}.Release|x86.Build.0 = Release|Win32
		{B11B48ED-B10C-46A5-B685-4D9B97EDE6EF}.Debug|x64.ActiveCfg = Debug|x64
		{B11B48ED-B10C-46A5-B685-4D9B97EDE6EF}.Debug|x64.Build.0 = Debug|x64
		{B11B48ED-B10C-46A5-B685-4D9B97EDE6EF}.Debug|x86.ActiveCfg = Debug|Win32
		{B11B48ED-B10C-46A5-B685-4D9B97EDE6EF}.Debug|x86.Build.0 = Debug|Win32
		{B11B48ED-B10C-46A5-B685-4D9B97EDE6EF}.Release|x64.ActiveCfg = Release|x64
		{B11B48ED-B10C-46A5-B685-4D9B97EDE6EF}.Release|x64.Build.0 = Release|x64
		{B11B48ED-B10C-46A5-B685-4D9B97EDE6EF}.Release|x86.ActiveCfg = Release|Win32
		{B11B48ED-B10C-46A5-B685-4D9B97EDE6EF}.Release|x86.Build.0 = Release|Win32
		{2B3807F3-47AF-4C29-904B-5EC37D647FB0}.Debug|x64.ActiveCfg = Debug|x64
		{2B3807F3-47AF-4C29-904B-5EC37D647FB0}.Debug|x64.Build.0 = Debug|x64
		{2B3807F3-47AF-4C29-904B-5EC37D647FB0}.Debug|x86.ActiveCfg = Debug|Win32
		{2B3807F3-47AF-4C29-904B-5EC37D647FB0}.Debug|x86.Build.0 = Debug|Win32
		{2B3807F3-47AF-4C29-904B-5EC37D647FB0}.Release|x64.ActiveCfg = Release|x64
		{2B3807F3-47AF-4C29-904B-5EC37D647FB0}.Release|x64.Build.0 = Release|x64
		{2B3807F3-47AF-4C29-904B-5EC37D647FB0}.Release|x86.ActiveCfg = Release|Win32
		{2B3807F3-47AF-4C29-904B-5EC37D647FB0}.Release|x86.Build.0 = Release|Win32
		{0AF8237E-404F-4D77-B0E0-67AD30F7B93C}.Debug|x64.ActiveCfg = Debug|x64
		{0AF8237E-404F-4D77-B0E0-67AD30F7B93C}.Debug|x64.Build.0 = Debug|x64
		{0AF8237E-404F-4D77-B0E0-67AD30F7B93C}.Debug|x86.ActiveCfg = Debug|Win32
		{0AF8237E-404F-4D77-B0E0-67AD30F7B93C}.Debug|x86.Build.0 = Debug|Win32
		{0AF8237E-404F-4D77-B0E0-67AD30F7B93C}.Release|x64.ActiveCfg = Release|x64
		{0AF8237E-404F-4D77-B0E0-67AD30F7B93C}.Release|x64.Build.0 = Release|x64
		{0AF8237E-404F-4D77-B0E0-67AD30F7B93C}.Release|x86.ActiveCfg = Release|Win32
		{0AF8237E-404F-4D77-B0E0-67AD30F7B93C}.Release|x86.Build.0 = Release|Win32
		{1308106D-6AE4-485B-AD74-9F8D9281F56D}.Debug|x64.ActiveCfg = Debug|x64
		{1308106D-6AE4-485B-AD74-9F8D9281F56D}.Debug|x64.Build.0 = Debug|x64
		{1308106D-6AE4-485B-AD74-9F8D9281F56D}.Debug|x86.ActiveCfg = Debug|Win32
		{1308106D-6AE4-485B-AD74-9F8D9281F56D}.Debug|x86.Build.0 = Debug|Win32
		{1308106D-6AE4-485B-AD74-9F8D9281F56D}.Release|x64.ActiveCfg = Release|x64
		{1308106D-6AE4-485B-AD74-9F8D9281F56D}.Release|x64.Build.0 = Release|x64
		{1308106D-6AE4-485B-AD74-9F8D9281F56D}.Release|x86.ActiveCfg = Release|Win32
		{1308106D-6AE4-485B-AD74-9F8D9281F56D}.Release|x86.Build.0 = Release|Win32
		{39A1A0FE-4E70-4778-B921-0E3FE9E8397E}.Debug|x64.ActiveCfg = Debug|x64
		{39A1A0FE-4E70-4778-B921-0E3FE9E8397E}.Debug|x64.Build.0 = Debug|x64
		{39A1A0FE-4E70-4778-B921-0E3FE9E8397E}.Debug|x86.ActiveCfg = Debug|Win32
		{39A1A0FE-4E70-4778-B921-0E3FE9E8397E}.Debug|x86.Build.0 = Debug|Win32
		{39A1A0FE-4E70-4778-B921-0E3FE9E8397E}.Release|x64.ActiveCfg = Release|x64
		{39A1A0FE-4E70-4778-B921-0E3FE9E8397E}.Release|x64.Build.0 = Release|x64
		{39A1A0FE-4E70-4778-B921-0E3FE9E8397E}.Release|x86.ActiveCfg = Release|Win32
		{39A1A0FE-4E70-4778-B921-0E3FE9E8397E}.Release|x86.Build.0 = Release|Win32
		{A926F887-DBC6-403B-858B-1F4FC2C83AA8}.Debug|x64.ActiveCfg = Debug|x64
		{A926F887-DBC6-403B-858B-1F4FC2C83AA8}.Debug|x64.Build.0 = Debug|x64
		{A926F887-DBC6-403B-858B-1F4FC2C83AA8}.Debug|x86.ActiveCfg = Debug|Win32
		{A926F887-DBC6-403B-858B-1F4FC2C83AA8}.Debug|x86.Build.0 = Debug|Win32
		{A926F887-DBC6-403B-858B-1F4FC2C83AA8}.Release|x64.ActiveCfg = Release|x64
		{A926F887-DBC6-403B-858B-1F4FC2C83AA8}.Release|x64.Build.0 = Release|x64
		{A926F887-DBC6-403B-858B-1F4FC2C83AA8}.Release|x86.ActiveCfg = Release|Win32
		{A926F887-DBC6-403B-858B-1F4FC2C83AA8}.Release|x86.Build.0 = Release|Win32
		{6B3AF05B-ECC5-489B-BD46-29EDD7745167}.Debug|x64.ActiveCfg = Debug|x64
		{6B3AF05B-ECC5-489B-BD46-29EDD7745167}.Debug|x64.Build.0 = Debug|x64
		{6B3AF05B-ECC5-489B-BD46-29EDD7745167}.Debug|x86.ActiveCfg = Debug|Win32
		{6B3AF05B-ECC5-489B-BD46-29EDD7745167}.Debug|x86.Build.0 = Debug|Win32
		{6B3AF05B-ECC5-489B-BD46-29EDD7745167}.Release|x64.ActiveCfg = Release|x64
		{6B3AF05B-ECC5-489B-BD46-29EDD7745167}.Release|x64.Build.0 = Release|x64
		{6B3AF05B-ECC5-489B-BD46-29EDD7745167}.Release|x86.ActiveCfg = Release|Win32
		{6B3AF05B-ECC5-489B-BD46-29EDD7745167}.Release|x86.Build.0 = Release|Win32
	EndGlobalSection
	GlobalSection(SolutionProperties) = preSolution
		HideSolutionNode = FALSE
	EndGlobalSection
	GlobalSection(ExtensibilityGlobals) = postSolution
		SolutionGuid = {0331EC2F-D4E4-4642-B468-541B35BC958B}
	EndGlobalSection
EndGlobal
